
Microsoft Visual Studio Solution File, Format Version 12.00
# Visual Studio Version 17
VisualStudioVersion = 17.7.34221.43
MinimumVisualStudioVersion = 10.0.40219.1
Project("{8BC9CEB8-8B4A-11D0-8D11-00A0C91BC942}") = "ProjectEuler", "ProjectEuler.vcxproj", "{F1AF36C0-2A94-4281-9A7D-1F9C3783EA58}"
EndProject
Global
	GlobalSection(SolutionConfigurationPlatforms) = preSolution
		Debug|x64 = Debug|x64
		Debug|x86 = Debug|x86
		Release|x64 = Release|x64
		Release|x86 = Release|x86
	EndGlobalSection
	GlobalSection(ProjectConfigurationPlatforms) = postSolution
		{F1AF36C0-2A94-4281-9A7D-1F9C3783EA58}.Debug|x64.ActiveCfg = Debug|x64
		{F1AF36C0-2A94-4281-9A7D-1F9C3783EA58}.Debug|x64.Build.0 = Debug|x64
		{F1AF36C0-2A94-4281-9A7D-1F9C3783EA58}.Debug|x86.ActiveCfg = Debug|Win32
		{F1AF36C0-2A94-4281-9A7D-1F9C3783EA58}.Debug|x86.Build.0 = Debug|Win32
		{F1AF36C0-2A94-4281-9A7D-1F9C3783EA58}.Release|x64.ActiveCfg = Release|x64
		{F1AF36C0-2A94-4281-9A7D-1F9C3783EA58}.Release|x64.Build.0 = Release|x64
		{F1AF36C0-2A94-4281-9A7D-1F9C3783EA58}.Release|x86.ActiveCfg = Release|Win32
		{F1AF36C0-2A94-4281-9A7D-1F9C3783EA58}.Release|x86.Build.0 = Release|Win32
	EndGlobalSection
	GlobalSection(SolutionProperties) = preSolution
		HideSolutionNode = FALSE
	EndGlobalSection
	GlobalSection(ExtensibilityGlobals) = postSolution
		SolutionGuid = {CDA03941-F65F-4E74-B32E-BFC0A2FAAFBC}
	EndGlobalSection
EndGlobal
